
Microsoft Visual Studio Solution File, Format Version 12.00
# Visual Studio 15
VisualStudioVersion = 15.0.26430.15
MinimumVisualStudioVersion = 10.0.40219.1
Project("{FAE04EC0-301F-11D3-BF4B-00C04F79EFBC}") = "SmartMonitor", "SmartMonitor\SmartMonitor.csproj", "{AA2A48E4-C1AE-4197-84D1-BC2AE1E17E58}"
EndProject
Global
	GlobalSection(SolutionConfigurationPlatforms) = preSolution
		Debug|Any CPU = Debug|Any CPU
		Release|Any CPU = Release|Any CPU
	EndGlobalSection
	GlobalSection(ProjectConfigurationPlatforms) = postSolution
		{AA2A48E4-C1AE-4197-84D1-BC2AE1E17E58}.Debug|Any CPU.ActiveCfg = Debug|Any CPU
		{AA2A48E4-C1AE-4197-84D1-BC2AE1E17E58}.Debug|Any CPU.Build.0 = Debug|Any CPU
		{AA2A48E4-C1AE-4197-84D1-BC2AE1E17E58}.Release|Any CPU.ActiveCfg = Release|Any CPU
		{AA2A48E4-C1AE-4197-84D1-BC2AE1E17E58}.Release|Any CPU.Build.0 = Release|Any CPU
	EndGlobalSection
	GlobalSection(SolutionProperties) = preSolution
		HideSolutionNode = FALSE
	EndGlobalSection
EndGlobal
